// !$*UTF8*$!
{
	archiveVersion = 1;
	classes = {
	};
	objectVersion = 55;
	objects = {

/* Begin PBXBuildFile section */
		B3B47D44276B84E900D9DC40 /* RockPaperScissors_SwiftUI_Appivate_FinalApp.swift in Sources */ = {isa = PBXBuildFile; fileRef = B3B47D43276B84E900D9DC40 /* RockPaperScissors_SwiftUI_Appivate_FinalApp.swift */; };
		B3B47D46276B84E900D9DC40 /* ContentView.swift in Sources */ = {isa = PBXBuildFile; fileRef = B3B47D45276B84E900D9DC40 /* ContentView.swift */; };
		B3B47D48276B84EB00D9DC40 /* Assets.xcassets in Resources */ = {isa = PBXBuildFile; fileRef = B3B47D47276B84EB00D9DC40 /* Assets.xcassets */; };
		B3B47D4B276B84EB00D9DC40 /* Preview Assets.xcassets in Resources */ = {isa = PBXBuildFile; fileRef = B3B47D4A276B84EB00D9DC40 /* Preview Assets.xcassets */; };
		B3B47D55276B84EB00D9DC40 /* RockPaperScissors_SwiftUI_Appivate_FinalTests.swift in Sources */ = {isa = PBXBuildFile; fileRef = B3B47D54276B84EB00D9DC40 /* RockPaperScissors_SwiftUI_Appivate_FinalTests.swift */; };
		B3B47D5F276B84EB00D9DC40 /* RockPaperScissors_SwiftUI_Appivate_FinalUITests.swift in Sources */ = {isa = PBXBuildFile; fileRef = B3B47D5E276B84EB00D9DC40 /* RockPaperScissors_SwiftUI_Appivate_FinalUITests.swift */; };
		B3B47D61276B84EB00D9DC40 /* RockPaperScissors_SwiftUI_Appivate_FinalUITestsLaunchTests.swift in Sources */ = {isa = PBXBuildFile; fileRef = B3B47D60276B84EB00D9DC40 /* RockPaperScissors_SwiftUI_Appivate_FinalUITestsLaunchTests.swift */; };
		B3B47D6E276B855A00D9DC40 /* GameModelTests.swift in Sources */ = {isa = PBXBuildFile; fileRef = B3B47D6D276B855A00D9DC40 /* GameModelTests.swift */; };
		B3B47D70276B876500D9DC40 /* GameModel.swift in Sources */ = {isa = PBXBuildFile; fileRef = B3B47D6F276B876500D9DC40 /* GameModel.swift */; };
/* End PBXBuildFile section */

/* Begin PBXContainerItemProxy section */
		B3B47D51276B84EB00D9DC40 /* PBXContainerItemProxy */ = {
			isa = PBXContainerItemProxy;
			containerPortal = B3B47D38276B84E900D9DC40 /* Project object */;
			proxyType = 1;
			remoteGlobalIDString = B3B47D3F276B84E900D9DC40;
			remoteInfo = "RockPaperScissors-SwiftUI-Appivate-Final";
		};
		B3B47D5B276B84EB00D9DC40 /* PBXContainerItemProxy */ = {
			isa = PBXContainerItemProxy;
			containerPortal = B3B47D38276B84E900D9DC40 /* Project object */;
			proxyType = 1;
			remoteGlobalIDString = B3B47D3F276B84E900D9DC40;
			remoteInfo = "RockPaperScissors-SwiftUI-Appivate-Final";
		};
/* End PBXContainerItemProxy section */

/* Begin PBXFileReference section */
		B3B47D40276B84E900D9DC40 /* RockPaperScissors-SwiftUI-Appivate-Final.app */ = {isa = PBXFileReference; explicitFileType = wrapper.application; includeInIndex = 0; path = "RockPaperScissors-SwiftUI-Appivate-Final.app"; sourceTree = BUILT_PRODUCTS_DIR; };
		B3B47D43276B84E900D9DC40 /* RockPaperScissors_SwiftUI_Appivate_FinalApp.swift */ = {isa = PBXFileReference; lastKnownFileType = sourcecode.swift; path = RockPaperScissors_SwiftUI_Appivate_FinalApp.swift; sourceTree = "<group>"; };
		B3B47D45276B84E900D9DC40 /* ContentView.swift */ = {isa = PBXFileReference; lastKnownFileType = sourcecode.swift; path = ContentView.swift; sourceTree = "<group>"; };
		B3B47D47276B84EB00D9DC40 /* Assets.xcassets */ = {isa = PBXFileReference; lastKnownFileType = folder.assetcatalog; path = Assets.xcassets; sourceTree = "<group>"; };
		B3B47D4A276B84EB00D9DC40 /* Preview Assets.xcassets */ = {isa = PBXFileReference; lastKnownFileType = folder.assetcatalog; path = "Preview Assets.xcassets"; sourceTree = "<group>"; };
		B3B47D50276B84EB00D9DC40 /* RockPaperScissors-SwiftUI-Appivate-FinalTests.xctest */ = {isa = PBXFileReference; explicitFileType = wrapper.cfbundle; includeInIndex = 0; path = "RockPaperScissors-SwiftUI-Appivate-FinalTests.xctest"; sourceTree = BUILT_PRODUCTS_DIR; };
		B3B47D54276B84EB00D9DC40 /* RockPaperScissors_SwiftUI_Appivate_FinalTests.swift */ = {isa = PBXFileReference; lastKnownFileType = sourcecode.swift; path = RockPaperScissors_SwiftUI_Appivate_FinalTests.swift; sourceTree = "<group>"; };
		B3B47D5A276B84EB00D9DC40 /* RockPaperScissors-SwiftUI-Appivate-FinalUITests.xctest */ = {isa = PBXFileReference; explicitFileType = wrapper.cfbundle; includeInIndex = 0; path = "RockPaperScissors-SwiftUI-Appivate-FinalUITests.xctest"; sourceTree = BUILT_PRODUCTS_DIR; };
		B3B47D5E276B84EB00D9DC40 /* RockPaperScissors_SwiftUI_Appivate_FinalUITests.swift */ = {isa = PBXFileReference; lastKnownFileType = sourcecode.swift; path = RockPaperScissors_SwiftUI_Appivate_FinalUITests.swift; sourceTree = "<group>"; };
		B3B47D60276B84EB00D9DC40 /* RockPaperScissors_SwiftUI_Appivate_FinalUITestsLaunchTests.swift */ = {isa = PBXFileReference; lastKnownFileType = sourcecode.swift; path = RockPaperScissors_SwiftUI_Appivate_FinalUITestsLaunchTests.swift; sourceTree = "<group>"; };
		B3B47D6D276B855A00D9DC40 /* GameModelTests.swift */ = {isa = PBXFileReference; lastKnownFileType = sourcecode.swift; path = GameModelTests.swift; sourceTree = "<group>"; };
		B3B47D6F276B876500D9DC40 /* GameModel.swift */ = {isa = PBXFileReference; lastKnownFileType = sourcecode.swift; path = GameModel.swift; sourceTree = "<group>"; };
/* End PBXFileReference section */

/* Begin PBXFrameworksBuildPhase section */
		B3B47D3D276B84E900D9DC40 /* Frameworks */ = {
			isa = PBXFrameworksBuildPhase;
			buildActionMask = 2147483647;
			files = (
			);
			runOnlyForDeploymentPostprocessing = 0;
		};
		B3B47D4D276B84EB00D9DC40 /* Frameworks */ = {
			isa = PBXFrameworksBuildPhase;
			buildActionMask = 2147483647;
			files = (
			);
			runOnlyForDeploymentPostprocessing = 0;
		};
		B3B47D57276B84EB00D9DC40 /* Frameworks */ = {
			isa = PBXFrameworksBuildPhase;
			buildActionMask = 2147483647;
			files = (
			);
			runOnlyForDeploymentPostprocessing = 0;
		};
/* End PBXFrameworksBuildPhase section */

/* Begin PBXGroup section */
		B3B47D37276B84E900D9DC40 = {
			isa = PBXGroup;
			children = (
				B3B47D42276B84E900D9DC40 /* RockPaperScissors-SwiftUI-Appivate-Final */,
				B3B47D53276B84EB00D9DC40 /* RockPaperScissors-SwiftUI-Appivate-FinalTests */,
				B3B47D5D276B84EB00D9DC40 /* RockPaperScissors-SwiftUI-Appivate-FinalUITests */,
				B3B47D41276B84E900D9DC40 /* Products */,
			);
			sourceTree = "<group>";
		};
		B3B47D41276B84E900D9DC40 /* Products */ = {
			isa = PBXGroup;
			children = (
				B3B47D40276B84E900D9DC40 /* RockPaperScissors-SwiftUI-Appivate-Final.app */,
				B3B47D50276B84EB00D9DC40 /* RockPaperScissors-SwiftUI-Appivate-FinalTests.xctest */,
				B3B47D5A276B84EB00D9DC40 /* RockPaperScissors-SwiftUI-Appivate-FinalUITests.xctest */,
			);
			name = Products;
			sourceTree = "<group>";
		};
		B3B47D42276B84E900D9DC40 /* RockPaperScissors-SwiftUI-Appivate-Final */ = {
			isa = PBXGroup;
			children = (
				B3B47D6F276B876500D9DC40 /* GameModel.swift */,
				B3B47D43276B84E900D9DC40 /* RockPaperScissors_SwiftUI_Appivate_FinalApp.swift */,
				B3B47D45276B84E900D9DC40 /* ContentView.swift */,
				B3B47D47276B84EB00D9DC40 /* Assets.xcassets */,
				B3B47D49276B84EB00D9DC40 /* Preview Content */,
			);
			path = "RockPaperScissors-SwiftUI-Appivate-Final";
			sourceTree = "<group>";
		};
		B3B47D49276B84EB00D9DC40 /* Preview Content */ = {
			isa = PBXGroup;
			children = (
				B3B47D4A276B84EB00D9DC40 /* Preview Assets.xcassets */,
			);
			path = "Preview Content";
			sourceTree = "<group>";
		};
		B3B47D53276B84EB00D9DC40 /* RockPaperScissors-SwiftUI-Appivate-FinalTests */ = {
			isa = PBXGroup;
			children = (
				B3B47D54276B84EB00D9DC40 /* RockPaperScissors_SwiftUI_Appivate_FinalTests.swift */,
				B3B47D6D276B855A00D9DC40 /* GameModelTests.swift */,
			);
			path = "RockPaperScissors-SwiftUI-Appivate-FinalTests";
			sourceTree = "<group>";
		};
		B3B47D5D276B84EB00D9DC40 /* RockPaperScissors-SwiftUI-Appivate-FinalUITests */ = {
			isa = PBXGroup;
			children = (
				B3B47D5E276B84EB00D9DC40 /* RockPaperScissors_SwiftUI_Appivate_FinalUITests.swift */,
				B3B47D60276B84EB00D9DC40 /* RockPaperScissors_SwiftUI_Appivate_FinalUITestsLaunchTests.swift */,
			);
			path = "RockPaperScissors-SwiftUI-Appivate-FinalUITests";
			sourceTree = "<group>";
		};
/* End PBXGroup section */

/* Begin PBXNativeTarget section */
		B3B47D3F276B84E900D9DC40 /* RockPaperScissors-SwiftUI-Appivate-Final */ = {
			isa = PBXNativeTarget;
			buildConfigurationList = B3B47D64276B84EB00D9DC40 /* Build configuration list for PBXNativeTarget "RockPaperScissors-SwiftUI-Appivate-Final" */;
			buildPhases = (
				B3B47D3C276B84E900D9DC40 /* Sources */,
				B3B47D3D276B84E900D9DC40 /* Frameworks */,
				B3B47D3E276B84E900D9DC40 /* Resources */,
			);
			buildRules = (
			);
			dependencies = (
			);
			name = "RockPaperScissors-SwiftUI-Appivate-Final";
			productName = "RockPaperScissors-SwiftUI-Appivate-Final";
			productReference = B3B47D40276B84E900D9DC40 /* RockPaperScissors-SwiftUI-Appivate-Final.app */;
			productType = "com.apple.product-type.application";
		};
		B3B47D4F276B84EB00D9DC40 /* RockPaperScissors-SwiftUI-Appivate-FinalTests */ = {
			isa = PBXNativeTarget;
			buildConfigurationList = B3B47D67276B84EB00D9DC40 /* Build configuration list for PBXNativeTarget "RockPaperScissors-SwiftUI-Appivate-FinalTests" */;
			buildPhases = (
				B3B47D4C276B84EB00D9DC40 /* Sources */,
				B3B47D4D276B84EB00D9DC40 /* Frameworks */,
				B3B47D4E276B84EB00D9DC40 /* Resources */,
			);
			buildRules = (
			);
			dependencies = (
				B3B47D52276B84EB00D9DC40 /* PBXTargetDependency */,
			);
			name = "RockPaperScissors-SwiftUI-Appivate-FinalTests";
			productName = "RockPaperScissors-SwiftUI-Appivate-FinalTests";
			productReference = B3B47D50276B84EB00D9DC40 /* RockPaperScissors-SwiftUI-Appivate-FinalTests.xctest */;
			productType = "com.apple.product-type.bundle.unit-test";
		};
		B3B47D59276B84EB00D9DC40 /* RockPaperScissors-SwiftUI-Appivate-FinalUITests */ = {
			isa = PBXNativeTarget;
			buildConfigurationList = B3B47D6A276B84EB00D9DC40 /* Build configuration list for PBXNativeTarget "RockPaperScissors-SwiftUI-Appivate-FinalUITests" */;
			buildPhases = (
				B3B47D56276B84EB00D9DC40 /* Sources */,
				B3B47D57276B84EB00D9DC40 /* Frameworks */,
				B3B47D58276B84EB00D9DC40 /* Resources */,
			);
			buildRules = (
			);
			dependencies = (
				B3B47D5C276B84EB00D9DC40 /* PBXTargetDependency */,
			);
			name = "RockPaperScissors-SwiftUI-Appivate-FinalUITests";
			productName = "RockPaperScissors-SwiftUI-Appivate-FinalUITests";
			productReference = B3B47D5A276B84EB00D9DC40 /* RockPaperScissors-SwiftUI-Appivate-FinalUITests.xctest */;
			productType = "com.apple.product-type.bundle.ui-testing";
		};
/* End PBXNativeTarget section */

/* Begin PBXProject section */
		B3B47D38276B84E900D9DC40 /* Project object */ = {
			isa = PBXProject;
			attributes = {
				BuildIndependentTargetsInParallel = 1;
				LastSwiftUpdateCheck = 1310;
				LastUpgradeCheck = 1310;
				TargetAttributes = {
					B3B47D3F276B84E900D9DC40 = {
						CreatedOnToolsVersion = 13.1;
					};
					B3B47D4F276B84EB00D9DC40 = {
						CreatedOnToolsVersion = 13.1;
						TestTargetID = B3B47D3F276B84E900D9DC40;
					};
					B3B47D59276B84EB00D9DC40 = {
						CreatedOnToolsVersion = 13.1;
						TestTargetID = B3B47D3F276B84E900D9DC40;
					};
				};
			};
			buildConfigurationList = B3B47D3B276B84E900D9DC40 /* Build configuration list for PBXProject "RockPaperScissors-SwiftUI-Appivate-Final" */;
			compatibilityVersion = "Xcode 13.0";
			developmentRegion = en;
			hasScannedForEncodings = 0;
			knownRegions = (
				en,
				Base,
			);
			mainGroup = B3B47D37276B84E900D9DC40;
			productRefGroup = B3B47D41276B84E900D9DC40 /* Products */;
			projectDirPath = "";
			projectRoot = "";
			targets = (
				B3B47D3F276B84E900D9DC40 /* RockPaperScissors-SwiftUI-Appivate-Final */,
				B3B47D4F276B84EB00D9DC40 /* RockPaperScissors-SwiftUI-Appivate-FinalTests */,
				B3B47D59276B84EB00D9DC40 /* RockPaperScissors-SwiftUI-Appivate-FinalUITests */,
			);
		};
/* End PBXProject section */

/* Begin PBXResourcesBuildPhase section */
		B3B47D3E276B84E900D9DC40 /* Resources */ = {
			isa = PBXResourcesBuildPhase;
			buildActionMask = 2147483647;
			files = (
				B3B47D4B276B84EB00D9DC40 /* Preview Assets.xcassets in Resources */,
				B3B47D48276B84EB00D9DC40 /* Assets.xcassets in Resources */,
			);
			runOnlyForDeploymentPostprocessing = 0;
		};
		B3B47D4E276B84EB00D9DC40 /* Resources */ = {
			isa = PBXResourcesBuildPhase;
			buildActionMask = 2147483647;
			files = (
			);
			runOnlyForDeploymentPostprocessing = 0;
		};
		B3B47D58276B84EB00D9DC40 /* Resources */ = {
			isa = PBXResourcesBuildPhase;
			buildActionMask = 2147483647;
			files = (
			);
			runOnlyForDeploymentPostprocessing = 0;
		};
/* End PBXResourcesBuildPhase section */

/* Begin PBXSourcesBuildPhase section */
		B3B47D3C276B84E900D9DC40 /* Sources */ = {
			isa = PBXSourcesBuildPhase;
			buildActionMask = 2147483647;
			files = (
				B3B47D46276B84E900D9DC40 /* ContentView.swift in Sources */,
				B3B47D44276B84E900D9DC40 /* RockPaperScissors_SwiftUI_Appivate_FinalApp.swift in Sources */,
				B3B47D70276B876500D9DC40 /* GameModel.swift in Sources */,
			);
			runOnlyForDeploymentPostprocessing = 0;
		};
		B3B47D4C276B84EB00D9DC40 /* Sources */ = {
			isa = PBXSourcesBuildPhase;
			buildActionMask = 2147483647;
			files = (
				B3B47D55276B84EB00D9DC40 /* RockPaperScissors_SwiftUI_Appivate_FinalTests.swift in Sources */,
				B3B47D6E276B855A00D9DC40 /* GameModelTests.swift in Sources */,
			);
			runOnlyForDeploymentPostprocessing = 0;
		};
		B3B47D56276B84EB00D9DC40 /* Sources */ = {
			isa = PBXSourcesBuildPhase;
			buildActionMask = 2147483647;
			files = (
				B3B47D61276B84EB00D9DC40 /* RockPaperScissors_SwiftUI_Appivate_FinalUITestsLaunchTests.swift in Sources */,
				B3B47D5F276B84EB00D9DC40 /* RockPaperScissors_SwiftUI_Appivate_FinalUITests.swift in Sources */,
			);
			runOnlyForDeploymentPostprocessing = 0;
		};
/* End PBXSourcesBuildPhase section */

/* Begin PBXTargetDependency section */
		B3B47D52276B84EB00D9DC40 /* PBXTargetDependency */ = {
			isa = PBXTargetDependency;
			target = B3B47D3F276B84E900D9DC40 /* RockPaperScissors-SwiftUI-Appivate-Final */;
			targetProxy = B3B47D51276B84EB00D9DC40 /* PBXContainerItemProxy */;
		};
		B3B47D5C276B84EB00D9DC40 /* PBXTargetDependency */ = {
			isa = PBXTargetDependency;
			target = B3B47D3F276B84E900D9DC40 /* RockPaperScissors-SwiftUI-Appivate-Final */;
			targetProxy = B3B47D5B276B84EB00D9DC40 /* PBXContainerItemProxy */;
		};
/* End PBXTargetDependency section */

/* Begin XCBuildConfiguration section */
		B3B47D62276B84EB00D9DC40 /* Debug */ = {
			isa = XCBuildConfiguration;
			buildSettings = {
				ALWAYS_SEARCH_USER_PATHS = NO;
				CLANG_ANALYZER_NONNULL = YES;
				CLANG_ANALYZER_NUMBER_OBJECT_CONVERSION = YES_AGGRESSIVE;
				CLANG_CXX_LANGUAGE_STANDARD = "gnu++17";
				CLANG_CXX_LIBRARY = "libc++";
				CLANG_ENABLE_MODULES = YES;
				CLANG_ENABLE_OBJC_ARC = YES;
				CLANG_ENABLE_OBJC_WEAK = YES;
				CLANG_WARN_BLOCK_CAPTURE_AUTORELEASING = YES;
				CLANG_WARN_BOOL_CONVERSION = YES;
				CLANG_WARN_COMMA = YES;
				CLANG_WARN_CONSTANT_CONVERSION = YES;
				CLANG_WARN_DEPRECATED_OBJC_IMPLEMENTATIONS = YES;
				CLANG_WARN_DIRECT_OBJC_ISA_USAGE = YES_ERROR;
				CLANG_WARN_DOCUMENTATION_COMMENTS = YES;
				CLANG_WARN_EMPTY_BODY = YES;
				CLANG_WARN_ENUM_CONVERSION = YES;
				CLANG_WARN_INFINITE_RECURSION = YES;
				CLANG_WARN_INT_CONVERSION = YES;
				CLANG_WARN_NON_LITERAL_NULL_CONVERSION = YES;
				CLANG_WARN_OBJC_IMPLICIT_RETAIN_SELF = YES;
				CLANG_WARN_OBJC_LITERAL_CONVERSION = YES;
				CLANG_WARN_OBJC_ROOT_CLASS = YES_ERROR;
				CLANG_WARN_QUOTED_INCLUDE_IN_FRAMEWORK_HEADER = YES;
				CLANG_WARN_RANGE_LOOP_ANALYSIS = YES;
				CLANG_WARN_STRICT_PROTOTYPES = YES;
				CLANG_WARN_SUSPICIOUS_MOVE = YES;
				CLANG_WARN_UNGUARDED_AVAILABILITY = YES_AGGRESSIVE;
				CLANG_WARN_UNREACHABLE_CODE = YES;
				CLANG_WARN__DUPLICATE_METHOD_MATCH = YES;
				COPY_PHASE_STRIP = NO;
				DEBUG_INFORMATION_FORMAT = dwarf;
				ENABLE_STRICT_OBJC_MSGSEND = YES;
				ENABLE_TESTABILITY = YES;
				GCC_C_LANGUAGE_STANDARD = gnu11;
				GCC_DYNAMIC_NO_PIC = NO;
				GCC_NO_COMMON_BLOCKS = YES;
				GCC_OPTIMIZATION_LEVEL = 0;
				GCC_PREPROCESSOR_DEFINITIONS = (
					"DEBUG=1",
					"$(inherited)",
				);
				GCC_WARN_64_TO_32_BIT_CONVERSION = YES;
				GCC_WARN_ABOUT_RETURN_TYPE = YES_ERROR;
				GCC_WARN_UNDECLARED_SELECTOR = YES;
				GCC_WARN_UNINITIALIZED_AUTOS = YES_AGGRESSIVE;
				GCC_WARN_UNUSED_FUNCTION = YES;
				GCC_WARN_UNUSED_VARIABLE = YES;
				IPHONEOS_DEPLOYMENT_TARGET = 15.0;
				MTL_ENABLE_DEBUG_INFO = INCLUDE_SOURCE;
				MTL_FAST_MATH = YES;
				ONLY_ACTIVE_ARCH = YES;
				SDKROOT = iphoneos;
				SWIFT_ACTIVE_COMPILATION_CONDITIONS = DEBUG;
				SWIFT_OPTIMIZATION_LEVEL = "-Onone";
			};
			name = Debug;
		};
		B3B47D63276B84EB00D9DC40 /* Release */ = {
			isa = XCBuildConfiguration;
			buildSettings = {
				ALWAYS_SEARCH_USER_PATHS = NO;
				CLANG_ANALYZER_NONNULL = YES;
				CLANG_ANALYZER_NUMBER_OBJECT_CONVERSION = YES_AGGRESSIVE;
				CLANG_CXX_LANGUAGE_STANDARD = "gnu++17";
				CLANG_CXX_LIBRARY = "libc++";
				CLANG_ENABLE_MODULES = YES;
				CLANG_ENABLE_OBJC_ARC = YES;
				CLANG_ENABLE_OBJC_WEAK = YES;
				CLANG_WARN_BLOCK_CAPTURE_AUTORELEASING = YES;
				CLANG_WARN_BOOL_CONVERSION = YES;
				CLANG_WARN_COMMA = YES;
				CLANG_WARN_CONSTANT_CONVERSION = YES;
				CLANG_WARN_DEPRECATED_OBJC_IMPLEMENTATIONS = YES;
				CLANG_WARN_DIRECT_OBJC_ISA_USAGE = YES_ERROR;
				CLANG_WARN_DOCUMENTATION_COMMENTS = YES;
				CLANG_WARN_EMPTY_BODY = YES;
				CLANG_WARN_ENUM_CONVERSION = YES;
				CLANG_WARN_INFINITE_RECURSION = YES;
				CLANG_WARN_INT_CONVERSION = YES;
				CLANG_WARN_NON_LITERAL_NULL_CONVERSION = YES;
				CLANG_WARN_OBJC_IMPLICIT_RETAIN_SELF = YES;
				CLANG_WARN_OBJC_LITERAL_CONVERSION = YES;
				CLANG_WARN_OBJC_ROOT_CLASS = YES_ERROR;
				CLANG_WARN_QUOTED_INCLUDE_IN_FRAMEWORK_HEADER = YES;
				CLANG_WARN_RANGE_LOOP_ANALYSIS = YES;
				CLANG_WARN_STRICT_PROTOTYPES = YES;
				CLANG_WARN_SUSPICIOUS_MOVE = YES;
				CLANG_WARN_UNGUARDED_AVAILABILITY = YES_AGGRESSIVE;
				CLANG_WARN_UNREACHABLE_CODE = YES;
				CLANG_WARN__DUPLICATE_METHOD_MATCH = YES;
				COPY_PHASE_STRIP = NO;
				DEBUG_INFORMATION_FORMAT = "dwarf-with-dsym";
				ENABLE_NS_ASSERTIONS = NO;
				ENABLE_STRICT_OBJC_MSGSEND = YES;
				GCC_C_LANGUAGE_STANDARD = gnu11;
				GCC_NO_COMMON_BLOCKS = YES;
				GCC_WARN_64_TO_32_BIT_CONVERSION = YES;
				GCC_WARN_ABOUT_RETURN_TYPE = YES_ERROR;
				GCC_WARN_UNDECLARED_SELECTOR = YES;
				GCC_WARN_UNINITIALIZED_AUTOS = YES_AGGRESSIVE;
				GCC_WARN_UNUSED_FUNCTION = YES;
				GCC_WARN_UNUSED_VARIABLE = YES;
				IPHONEOS_DEPLOYMENT_TARGET = 15.0;
				MTL_ENABLE_DEBUG_INFO = NO;
				MTL_FAST_MATH = YES;
				SDKROOT = iphoneos;
				SWIFT_COMPILATION_MODE = wholemodule;
				SWIFT_OPTIMIZATION_LEVEL = "-O";
				VALIDATE_PRODUCT = YES;
			};
			name = Release;
		};
		B3B47D65276B84EB00D9DC40 /* Debug */ = {
			isa = XCBuildConfiguration;
			buildSettings = {
				ASSETCATALOG_COMPILER_APPICON_NAME = AppIcon;
				ASSETCATALOG_COMPILER_GLOBAL_ACCENT_COLOR_NAME = AccentColor;
				CODE_SIGN_STYLE = Automatic;
				CURRENT_PROJECT_VERSION = 1;
				DEVELOPMENT_ASSET_PATHS = "\"RockPaperScissors-SwiftUI-Appivate-Final/Preview Content\"";
				DEVELOPMENT_TEAM = HDMDLPFU67;
				ENABLE_PREVIEWS = YES;
				GENERATE_INFOPLIST_FILE = YES;
				INFOPLIST_KEY_UIApplicationSceneManifest_Generation = YES;
				INFOPLIST_KEY_UIApplicationSupportsIndirectInputEvents = YES;
				INFOPLIST_KEY_UILaunchScreen_Generation = YES;
				INFOPLIST_KEY_UISupportedInterfaceOrientations_iPad = "UIInterfaceOrientationPortrait UIInterfaceOrientationPortraitUpsideDown UIInterfaceOrientationLandscapeLeft UIInterfaceOrientationLandscapeRight";
				INFOPLIST_KEY_UISupportedInterfaceOrientations_iPhone = "UIInterfaceOrientationPortrait UIInterfaceOrientationLandscapeLeft UIInterfaceOrientationLandscapeRight";
				LD_RUNPATH_SEARCH_PATHS = (
					"$(inherited)",
					"@executable_path/Frameworks",
				);
				MARKETING_VERSION = 1.0;
				PRODUCT_BUNDLE_IDENTIFIER = "com.appivate.RockPaperScissors-SwiftUI-Appivate-Final";
				PRODUCT_NAME = "$(TARGET_NAME)";
				SWIFT_EMIT_LOC_STRINGS = YES;
				SWIFT_VERSION = 5.0;
				TARGETED_DEVICE_FAMILY = "1,2";
			};
			name = Debug;
		};
		B3B47D66276B84EB00D9DC40 /* Release */ = {
			isa = XCBuildConfiguration;
			buildSettings = {
				ASSETCATALOG_COMPILER_APPICON_NAME = AppIcon;
				ASSETCATALOG_COMPILER_GLOBAL_ACCENT_COLOR_NAME = AccentColor;
				CODE_SIGN_STYLE = Automatic;
				CURRENT_PROJECT_VERSION = 1;
				DEVELOPMENT_ASSET_PATHS = "\"RockPaperScissors-SwiftUI-Appivate-Final/Preview Content\"";
				DEVELOPMENT_TEAM = HDMDLPFU67;
				ENABLE_PREVIEWS = YES;
				GENERATE_INFOPLIST_FILE = YES;
				INFOPLIST_KEY_UIApplicationSceneManifest_Generation = YES;
				INFOPLIST_KEY_UIApplicationSupportsIndirectInputEvents = YES;
				INFOPLIST_KEY_UILaunchScreen_Generation = YES;
				INFOPLIST_KEY_UISupportedInterfaceOrientations_iPad = "UIInterfaceOrientationPortrait UIInterfaceOrientationPortraitUpsideDown UIInterfaceOrientationLandscapeLeft UIInterfaceOrientationLandscapeRight";
				INFOPLIST_KEY_UISupportedInterfaceOrientations_iPhone = "UIInterfaceOrientationPortrait UIInterfaceOrientationLandscapeLeft UIInterfaceOrientationLandscapeRight";
				LD_RUNPATH_SEARCH_PATHS = (
					"$(inherited)",
					"@executable_path/Frameworks",
				);
				MARKETING_VERSION = 1.0;
				PRODUCT_BUNDLE_IDENTIFIER = "com.appivate.RockPaperScissors-SwiftUI-Appivate-Final";
				PRODUCT_NAME = "$(TARGET_NAME)";
				SWIFT_EMIT_LOC_STRINGS = YES;
				SWIFT_VERSION = 5.0;
				TARGETED_DEVICE_FAMILY = "1,2";
			};
			name = Release;
		};
		B3B47D68276B84EB00D9DC40 /* Debug */ = {
			isa = XCBuildConfiguration;
			buildSettings = {
				ALWAYS_EMBED_SWIFT_STANDARD_LIBRARIES = YES;
				BUNDLE_LOADER = "$(TEST_HOST)";
				CODE_SIGN_STYLE = Automatic;
				CURRENT_PROJECT_VERSION = 1;
				DEVELOPMENT_TEAM = HDMDLPFU67;
				GENERATE_INFOPLIST_FILE = YES;
				IPHONEOS_DEPLOYMENT_TARGET = 15.0;
				LD_RUNPATH_SEARCH_PATHS = (
					"$(inherited)",
					"@executable_path/Frameworks",
					"@loader_path/Frameworks",
				);
				MARKETING_VERSION = 1.0;
				PRODUCT_BUNDLE_IDENTIFIER = "com.appivate.RockPaperScissors-SwiftUI-Appivate-FinalTests";
				PRODUCT_NAME = "$(TARGET_NAME)";
				SWIFT_EMIT_LOC_STRINGS = NO;
				SWIFT_VERSION = 5.0;
				TARGETED_DEVICE_FAMILY = "1,2";
				TEST_HOST = "$(BUILT_PRODUCTS_DIR)/RockPaperScissors-SwiftUI-Appivate-Final.app/RockPaperScissors-SwiftUI-Appivate-Final";
			};
			name = Debug;
		};
		B3B47D69276B84EB00D9DC40 /* Release */ = {
			isa = XCBuildConfiguration;
			buildSettings = {
				ALWAYS_EMBED_SWIFT_STANDARD_LIBRARIES = YES;
				BUNDLE_LOADER = "$(TEST_HOST)";
				CODE_SIGN_STYLE = Automatic;
				CURRENT_PROJECT_VERSION = 1;
				DEVELOPMENT_TEAM = HDMDLPFU67;
				GENERATE_INFOPLIST_FILE = YES;
				IPHONEOS_DEPLOYMENT_TARGET = 15.0;
				LD_RUNPATH_SEARCH_PATHS = (
					"$(inherited)",
					"@executable_path/Frameworks",
					"@loader_path/Frameworks",
				);
				MARKETING_VERSION = 1.0;
				PRODUCT_BUNDLE_IDENTIFIER = "com.appivate.RockPaperScissors-SwiftUI-Appivate-FinalTests";
				PRODUCT_NAME = "$(TARGET_NAME)";
				SWIFT_EMIT_LOC_STRINGS = NO;
				SWIFT_VERSION = 5.0;
				TARGETED_DEVICE_FAMILY = "1,2";
				TEST_HOST = "$(BUILT_PRODUCTS_DIR)/RockPaperScissors-SwiftUI-Appivate-Final.app/RockPaperScissors-SwiftUI-Appivate-Final";
			};
			name = Release;
		};
		B3B47D6B276B84EB00D9DC40 /* Debug */ = {
			isa = XCBuildConfiguration;
			buildSettings = {
				ALWAYS_EMBED_SWIFT_STANDARD_LIBRARIES = YES;
				CODE_SIGN_STYLE = Automatic;
				CURRENT_PROJECT_VERSION = 1;
				DEVELOPMENT_TEAM = HDMDLPFU67;
				GENERATE_INFOPLIST_FILE = YES;
				LD_RUNPATH_SEARCH_PATHS = (
					"$(inherited)",
					"@executable_path/Frameworks",
					"@loader_path/Frameworks",
				);
				MARKETING_VERSION = 1.0;
				PRODUCT_BUNDLE_IDENTIFIER = "com.appivate.RockPaperScissors-SwiftUI-Appivate-FinalUITests";
				PRODUCT_NAME = "$(TARGET_NAME)";
				SWIFT_EMIT_LOC_STRINGS = NO;
				SWIFT_VERSION = 5.0;
				TARGETED_DEVICE_FAMILY = "1,2";
				TEST_TARGET_NAME = "RockPaperScissors-SwiftUI-Appivate-Final";
			};
			name = Debug;
		};
		B3B47D6C276B84EB00D9DC40 /* Release */ = {
			isa = XCBuildConfiguration;
			buildSettings = {
				ALWAYS_EMBED_SWIFT_STANDARD_LIBRARIES = YES;
				CODE_SIGN_STYLE = Automatic;
				CURRENT_PROJECT_VERSION = 1;
				DEVELOPMENT_TEAM = HDMDLPFU67;
				GENERATE_INFOPLIST_FILE = YES;
				LD_RUNPATH_SEARCH_PATHS = (
					"$(inherited)",
					"@executable_path/Frameworks",
					"@loader_path/Frameworks",
				);
				MARKETING_VERSION = 1.0;
				PRODUCT_BUNDLE_IDENTIFIER = "com.appivate.RockPaperScissors-SwiftUI-Appivate-FinalUITests";
				PRODUCT_NAME = "$(TARGET_NAME)";
				SWIFT_EMIT_LOC_STRINGS = NO;
				SWIFT_VERSION = 5.0;
				TARGETED_DEVICE_FAMILY = "1,2";
				TEST_TARGET_NAME = "RockPaperScissors-SwiftUI-Appivate-Final";
			};
			name = Release;
		};
/* End XCBuildConfiguration section */

/* Begin XCConfigurationList section */
		B3B47D3B276B84E900D9DC40 /* Build configuration list for PBXProject "RockPaperScissors-SwiftUI-Appivate-Final" */ = {
			isa = XCConfigurationList;
			buildConfigurations = (
				B3B47D62276B84EB00D9DC40 /* Debug */,
				B3B47D63276B84EB00D9DC40 /* Release */,
			);
			defaultConfigurationIsVisible = 0;
			defaultConfigurationName = Release;
		};
		B3B47D64276B84EB00D9DC40 /* Build configuration list for PBXNativeTarget "RockPaperScissors-SwiftUI-Appivate-Final" */ = {
			isa = XCConfigurationList;
			buildConfigurations = (
				B3B47D65276B84EB00D9DC40 /* Debug */,
				B3B47D66276B84EB00D9DC40 /* Release */,
			);
			defaultConfigurationIsVisible = 0;
			defaultConfigurationName = Release;
		};
		B3B47D67276B84EB00D9DC40 /* Build configuration list for PBXNativeTarget "RockPaperScissors-SwiftUI-Appivate-FinalTests" */ = {
			isa = XCConfigurationList;
			buildConfigurations = (
				B3B47D68276B84EB00D9DC40 /* Debug */,
				B3B47D69276B84EB00D9DC40 /* Release */,
			);
			defaultConfigurationIsVisible = 0;
			defaultConfigurationName = Release;
		};
		B3B47D6A276B84EB00D9DC40 /* Build configuration list for PBXNativeTarget "RockPaperScissors-SwiftUI-Appivate-FinalUITests" */ = {
			isa = XCConfigurationList;
			buildConfigurations = (
				B3B47D6B276B84EB00D9DC40 /* Debug */,
				B3B47D6C276B84EB00D9DC40 /* Release */,
			);
			defaultConfigurationIsVisible = 0;
			defaultConfigurationName = Release;
		};
/* End XCConfigurationList section */
	};
	rootObject = B3B47D38276B84E900D9DC40 /* Project object */;
}
